
Microsoft Visual Studio Solution File, Format Version 12.00
# Visual Studio Version 17
VisualStudioVersion = 17.3.32929.385
MinimumVisualStudioVersion = 10.0.40219.1
Project("{2150E333-8FDC-42A3-9474-1A3956D46DE8}") = "Services", "Services", "{0E291202-FD2D-4252-8A3E-3C669F8AE549}"
EndProject
Project("{2150E333-8FDC-42A3-9474-1A3956D46DE8}") = "Catalog", "Catalog", "{BAB2C42B-5B82-4B44-9BDF-6C741C87DDF1}"
EndProject
Project("{FAE04EC0-301F-11D3-BF4B-00C04F79EFBC}") = "Catalog.API", "Services\Catalog\Catalog.API\Catalog.API.csproj", "{11D78746-E755-4D03-86A6-26780511B634}"
EndProject
Global
	GlobalSection(SolutionConfigurationPlatforms) = preSolution
		Debug|Any CPU = Debug|Any CPU
		Release|Any CPU = Release|Any CPU
	EndGlobalSection
	GlobalSection(ProjectConfigurationPlatforms) = postSolution
		{11D78746-E755-4D03-86A6-26780511B634}.Debug|Any CPU.ActiveCfg = Debug|Any CPU
		{11D78746-E755-4D03-86A6-26780511B634}.Debug|Any CPU.Build.0 = Debug|Any CPU
		{11D78746-E755-4D03-86A6-26780511B634}.Release|Any CPU.ActiveCfg = Release|Any CPU
		{11D78746-E755-4D03-86A6-26780511B634}.Release|Any CPU.Build.0 = Release|Any CPU
	EndGlobalSection
	GlobalSection(SolutionProperties) = preSolution
		HideSolutionNode = FALSE
	EndGlobalSection
	GlobalSection(NestedProjects) = preSolution
		{BAB2C42B-5B82-4B44-9BDF-6C741C87DDF1} = {0E291202-FD2D-4252-8A3E-3C669F8AE549}
		{11D78746-E755-4D03-86A6-26780511B634} = {BAB2C42B-5B82-4B44-9BDF-6C741C87DDF1}
	EndGlobalSection
	GlobalSection(ExtensibilityGlobals) = postSolution
		SolutionGuid = {EE60AD26-CB9F-430D-BED4-F43AF080EFAA}
	EndGlobalSection
EndGlobal
